{
  "requires": true,
  "lockfileVersion": 1,
  "dependencies": {
    "lodash": {
      "version": "4.17.21",
      "resolved": "https://registry.npmjs.org/lodash/-/lodash-4.17.21.tgz",
      "integrity": "sha512-v2kDEe57lecTulaDIuNTPy3Ry4gLGJ6Z1O3vE1krgXZNrsQ+LFTGHVxVjcXPs17LhbZVGedAJv8XZ1tvj5FvSg=="
    },
    "ng2-smart-table": {
      "version": "1.7.2",
      "resolved": "https://registry.npmjs.org/ng2-smart-table/-/ng2-smart-table-1.7.2.tgz",
      "integrity": "sha512-TwREaaTtgaPyxxocoxH4W4BQEpiuYhOhPxDOgR/+O36i7m61c0O+OWx2u7wSHU9UabdQDWwgWU6Eus2tOT3RJA==",
      "requires": {
        "lodash": "^4.17.10",
        "tslib": "^2.0.0"
      }
    },
    "tslib": {
      "version": "2.3.1",
      "resolved": "https://registry.npmjs.org/tslib/-/tslib-2.3.1.tgz",
      "integrity": "sha512-77EbyPPpMz+FRFRuAFlWMtmgUWGe9UOG2Z25NqCwiIjRhOf5iKGuzSe5P2w1laq+FkRy4p+PCuVkJSGkzTEKVw=="
    }
  }
}
